# ENGINE.lock —— **本仓产物**是由哪一版引擎产出的。
# ★ 判据分工见 scripts/_engine.py 头注：id 承重，version 只是标签。
# ⛔ 本文件描述**产物出处**的引擎，不是当前 scripts/ 里的引擎。

artifact_engine_id=36d4d938e661ce35
artifact_engine_version=0.1.3
note=由 repo_check.py --accept-engine 于 2026-09-27T20:21:37+08:00 改写（旧 id=a4de1b96b41782ce）。理由：产物已按现行 v0.1.3 引擎重建：S2/S3/S4 于 2026-09-27 实跑（546 记录/3655 块/133 批向量），S4 --check 通过；已知缺口见 out/GAPS-2-for-20260926-01.md（G2/G4 仍红，归因 G-25/G-26/G-29）
