# ENGINE.lock —— **本仓产物**是由哪一版引擎产出的。
# ★ 判据分工见 scripts/_engine.py 头注：id 承重，version 只是标签。
# ⛔ 本文件描述**产物出处**的引擎，不是当前 scripts/ 里的引擎。

artifact_engine_id=02d396c871fe81e6
artifact_engine_version=0.1.7
note=由 repo_check.py --accept-engine 于 2026-09-27T22:50:28+08:00 改写（旧 id=28e399c947eb1323）。理由：GAPS-3 / 引擎 0.1.6->0.1.7：生成侧已变（G-34 升格 +21 条记录、G-36 印本重号加后缀）⇒ 产物已按 0.1.7 重建：S2 589 记录(--check 逐字节相同) -> S3 词项 631 -> S4 589 卡 134 批(--check 相同)
